
Microsoft Visual Studio Solution File, Format Version 12.00
# Visual Studio Version 16
VisualStudioVersion = 16.0.29911.84
MinimumVisualStudioVersion = 10.0.40219.1
Project("{FAE04EC0-301F-11D3-BF4B-00C04F79EFBC}") = "Polymorphism", "Polymorphism.csproj", "{78FF891B-2528-46B4-A9C7-79402DCE10EB}"
EndProject
Global
	GlobalSection(SolutionConfigurationPlatforms) = preSolution
		Debug|Any CPU = Debug|Any CPU
		Release|Any CPU = Release|Any CPU
	EndGlobalSection
	GlobalSection(ProjectConfigurationPlatforms) = postSolution
		{78FF891B-2528-46B4-A9C7-79402DCE10EB}.Debug|Any CPU.ActiveCfg = Debug|Any CPU
		{78FF891B-2528-46B4-A9C7-79402DCE10EB}.Debug|Any CPU.Build.0 = Debug|Any CPU
		{78FF891B-2528-46B4-A9C7-79402DCE10EB}.Release|Any CPU.ActiveCfg = Release|Any CPU
		{78FF891B-2528-46B4-A9C7-79402DCE10EB}.Release|Any CPU.Build.0 = Release|Any CPU
	EndGlobalSection
	GlobalSection(SolutionProperties) = preSolution
		HideSolutionNode = FALSE
	EndGlobalSection
	GlobalSection(ExtensibilityGlobals) = postSolution
		SolutionGuid = {256895EE-DE05-426B-9FF0-EC895A3C7E11}
	EndGlobalSection
EndGlobal
